// !$*UTF8*$!
{
	archiveVersion = 1;
	classes = {
	};
	objectVersion = 46;
	objects = {

/* Begin PBXBuildFile section */
		6003F58E195388D20070C39A /* Foundation.framework in Frameworks */ = {isa = PBXBuildFile; fileRef = 6003F58D195388D20070C39A /* Foundation.framework */; };
		6003F590195388D20070C39A /* CoreGraphics.framework in Frameworks */ = {isa = PBXBuildFile; fileRef = 6003F58F195388D20070C39A /* CoreGraphics.framework */; };
		6003F592195388D20070C39A /* UIKit.framework in Frameworks */ = {isa = PBXBuildFile; fileRef = 6003F591195388D20070C39A /* UIKit.framework */; };
		6003F598195388D20070C39A /* InfoPlist.strings in Resources */ = {isa = PBXBuildFile; fileRef = 6003F596195388D20070C39A /* InfoPlist.strings */; };
		6003F59A195388D20070C39A /* main.m in Sources */ = {isa = PBXBuildFile; fileRef = 6003F599195388D20070C39A /* main.m */; };
		6003F59E195388D20070C39A /* ViSearchAppDelegate.m in Sources */ = {isa = PBXBuildFile; fileRef = 6003F59D195388D20070C39A /* ViSearchAppDelegate.m */; };
		6003F5A1195388D20070C39A /* Main_iPhone.storyboard in Resources */ = {isa = PBXBuildFile; fileRef = 6003F59F195388D20070C39A /* Main_iPhone.storyboard */; };
		6003F5A7195388D20070C39A /* ViSearchViewController.m in Sources */ = {isa = PBXBuildFile; fileRef = 6003F5A6195388D20070C39A /* ViSearchViewController.m */; };
		6003F5A9195388D20070C39A /* Images.xcassets in Resources */ = {isa = PBXBuildFile; fileRef = 6003F5A8195388D20070C39A /* Images.xcassets */; };
		6003F5B0195388D20070C39A /* XCTest.framework in Frameworks */ = {isa = PBXBuildFile; fileRef = 6003F5AF195388D20070C39A /* XCTest.framework */; };
		6003F5B1195388D20070C39A /* Foundation.framework in Frameworks */ = {isa = PBXBuildFile; fileRef = 6003F58D195388D20070C39A /* Foundation.framework */; };
		6003F5B2195388D20070C39A /* UIKit.framework in Frameworks */ = {isa = PBXBuildFile; fileRef = 6003F591195388D20070C39A /* UIKit.framework */; };
		6003F5BA195388D20070C39A /* InfoPlist.strings in Resources */ = {isa = PBXBuildFile; fileRef = 6003F5B8195388D20070C39A /* InfoPlist.strings */; };
		6003F5BC195388D20070C39A /* Tests.m in Sources */ = {isa = PBXBuildFile; fileRef = 6003F5BB195388D20070C39A /* Tests.m */; };
		6D5C7C221A5E65F70088F642 /* NSString+HMAC_SHA1.m in Sources */ = {isa = PBXBuildFile; fileRef = 6D5C7C0B1A5E65F70088F642 /* NSString+HMAC_SHA1.m */; };
		6D5C7C231A5E65F70088F642 /* NSString+HMAC_SHA1.m in Sources */ = {isa = PBXBuildFile; fileRef = 6D5C7C0B1A5E65F70088F642 /* NSString+HMAC_SHA1.m */; };
		6D5C7C241A5E65F70088F642 /* ViSearchAPI.m in Sources */ = {isa = PBXBuildFile; fileRef = 6D5C7C0D1A5E65F70088F642 /* ViSearchAPI.m */; };
		6D5C7C251A5E65F70088F642 /* ViSearchAPI.m in Sources */ = {isa = PBXBuildFile; fileRef = 6D5C7C0D1A5E65F70088F642 /* ViSearchAPI.m */; };
		6D5C7C261A5E65F70088F642 /* BaseSearchParams.m in Sources */ = {isa = PBXBuildFile; fileRef = 6D5C7C101A5E65F70088F642 /* BaseSearchParams.m */; };
		6D5C7C271A5E65F70088F642 /* BaseSearchParams.m in Sources */ = {isa = PBXBuildFile; fileRef = 6D5C7C101A5E65F70088F642 /* BaseSearchParams.m */; };
		6D5C7C281A5E65F70088F642 /* Box.m in Sources */ = {isa = PBXBuildFile; fileRef = 6D5C7C121A5E65F70088F642 /* Box.m */; };
		6D5C7C291A5E65F70088F642 /* Box.m in Sources */ = {isa = PBXBuildFile; fileRef = 6D5C7C121A5E65F70088F642 /* Box.m */; };
		6D5C7C2A1A5E65F70088F642 /* ColorSearchParams.m in Sources */ = {isa = PBXBuildFile; fileRef = 6D5C7C141A5E65F70088F642 /* ColorSearchParams.m */; };
		6D5C7C2B1A5E65F70088F642 /* ColorSearchParams.m in Sources */ = {isa = PBXBuildFile; fileRef = 6D5C7C141A5E65F70088F642 /* ColorSearchParams.m */; };
		6D5C7C2E1A5E65F70088F642 /* SearchParams.m in Sources */ = {isa = PBXBuildFile; fileRef = 6D5C7C181A5E65F70088F642 /* SearchParams.m */; };
		6D5C7C2F1A5E65F70088F642 /* SearchParams.m in Sources */ = {isa = PBXBuildFile; fileRef = 6D5C7C181A5E65F70088F642 /* SearchParams.m */; };
		6D5C7C301A5E65F70088F642 /* UploadSearchParams.m in Sources */ = {isa = PBXBuildFile; fileRef = 6D5C7C1A1A5E65F70088F642 /* UploadSearchParams.m */; };
		6D5C7C311A5E65F70088F642 /* UploadSearchParams.m in Sources */ = {isa = PBXBuildFile; fileRef = 6D5C7C1A1A5E65F70088F642 /* UploadSearchParams.m */; };
		6D5C7C341A5E65F70088F642 /* ViSearchError.m in Sources */ = {isa = PBXBuildFile; fileRef = 6D5C7C1F1A5E65F70088F642 /* ViSearchError.m */; };
		6D5C7C351A5E65F70088F642 /* ViSearchError.m in Sources */ = {isa = PBXBuildFile; fileRef = 6D5C7C1F1A5E65F70088F642 /* ViSearchError.m */; };
		6D5C7C361A5E65F70088F642 /* ViSearchResult.m in Sources */ = {isa = PBXBuildFile; fileRef = 6D5C7C211A5E65F70088F642 /* ViSearchResult.m */; };
		6D5C7C371A5E65F70088F642 /* ViSearchResult.m in Sources */ = {isa = PBXBuildFile; fileRef = 6D5C7C211A5E65F70088F642 /* ViSearchResult.m */; };
		A90A7D181AAEBDF200D2DD65 /* ViSearchHandler.m in Sources */ = {isa = PBXBuildFile; fileRef = A90A7D171AAEBDF200D2DD65 /* ViSearchHandler.m */; };
		A90A7D1C1AAEC00100D2DD65 /* ViSearchBasicHandler.m in Sources */ = {isa = PBXBuildFile; fileRef = A90A7D1B1AAEC00100D2DD65 /* ViSearchBasicHandler.m */; };
		A90A7D1F1AAEC02000D2DD65 /* ViSearchImageUploadHandler.m in Sources */ = {isa = PBXBuildFile; fileRef = A90A7D1E1AAEC02000D2DD65 /* ViSearchImageUploadHandler.m */; };
		A97FA24A1AB6DDEE00C78633 /* ImageSettings.m in Sources */ = {isa = PBXBuildFile; fileRef = A97FA2491AB6DDEE00C78633 /* ImageSettings.m */; };
		A97FA24D1AB6DDFE00C78633 /* ImageResult.m in Sources */ = {isa = PBXBuildFile; fileRef = A97FA24C1AB6DDFE00C78633 /* ImageResult.m */; };
		A98E48761CE439680028146F /* TrackParams.m in Sources */ = {isa = PBXBuildFile; fileRef = A98E48751CE439680028146F /* TrackParams.m */; };
		A9FA04841CE490DB00924F92 /* ViTrackHandler.m in Sources */ = {isa = PBXBuildFile; fileRef = A9FA04831CE490DB00924F92 /* ViTrackHandler.m */; };
		A9FA04871CE5B5A200924F92 /* ViSearchClient.m in Sources */ = {isa = PBXBuildFile; fileRef = A9FA04861CE5B5A200924F92 /* ViSearchClient.m */; };
		B31C5696F17BA8D686811EEB /* libPods-Tests.a in Frameworks */ = {isa = PBXBuildFile; fileRef = E62AA2800F3F2C1777A9EF3F /* libPods-Tests.a */; };
		E859A44C39AEC79551F6A0F8 /* libPods-ViSearch.a in Frameworks */ = {isa = PBXBuildFile; fileRef = 9F096AB773CF30920C2B30F4 /* libPods-ViSearch.a */; };
/* End PBXBuildFile section */

/* Begin PBXContainerItemProxy section */
		6003F5B3195388D20070C39A /* PBXContainerItemProxy */ = {
			isa = PBXContainerItemProxy;
			containerPortal = 6003F582195388D10070C39A /* Project object */;
			proxyType = 1;
			remoteGlobalIDString = 6003F589195388D20070C39A;
			remoteInfo = ViSearch;
		};
/* End PBXContainerItemProxy section */

/* Begin PBXFileReference section */
		1CC08F4030C278330D558073 /* Pods-ViSearch.release.xcconfig */ = {isa = PBXFileReference; includeInIndex = 1; lastKnownFileType = text.xcconfig; name = "Pods-ViSearch.release.xcconfig"; path = "Pods/Target Support Files/Pods-ViSearch/Pods-ViSearch.release.xcconfig"; sourceTree = "<group>"; };
		30C3835A2DD37C1140C80D56 /* Pods-Tests.debug.xcconfig */ = {isa = PBXFileReference; includeInIndex = 1; lastKnownFileType = text.xcconfig; name = "Pods-Tests.debug.xcconfig"; path = "Pods/Target Support Files/Pods-Tests/Pods-Tests.debug.xcconfig"; sourceTree = "<group>"; };
		6003F58A195388D20070C39A /* ViSearch.app */ = {isa = PBXFileReference; explicitFileType = wrapper.application; includeInIndex = 0; path = ViSearch.app; sourceTree = BUILT_PRODUCTS_DIR; };
		6003F58D195388D20070C39A /* Foundation.framework */ = {isa = PBXFileReference; lastKnownFileType = wrapper.framework; name = Foundation.framework; path = System/Library/Frameworks/Foundation.framework; sourceTree = SDKROOT; };
		6003F58F195388D20070C39A /* CoreGraphics.framework */ = {isa = PBXFileReference; lastKnownFileType = wrapper.framework; name = CoreGraphics.framework; path = System/Library/Frameworks/CoreGraphics.framework; sourceTree = SDKROOT; };
		6003F591195388D20070C39A /* UIKit.framework */ = {isa = PBXFileReference; lastKnownFileType = wrapper.framework; name = UIKit.framework; path = System/Library/Frameworks/UIKit.framework; sourceTree = SDKROOT; };
		6003F595195388D20070C39A /* ViSearch-Info.plist */ = {isa = PBXFileReference; lastKnownFileType = text.plist.xml; path = "ViSearch-Info.plist"; sourceTree = "<group>"; };
		6003F597195388D20070C39A /* en */ = {isa = PBXFileReference; lastKnownFileType = text.plist.strings; name = en; path = en.lproj/InfoPlist.strings; sourceTree = "<group>"; };
		6003F599195388D20070C39A /* main.m */ = {isa = PBXFileReference; lastKnownFileType = sourcecode.c.objc; path = main.m; sourceTree = "<group>"; };
		6003F59B195388D20070C39A /* ViSearch-Prefix.pch */ = {isa = PBXFileReference; lastKnownFileType = sourcecode.c.h; path = "ViSearch-Prefix.pch"; sourceTree = "<group>"; };
		6003F59C195388D20070C39A /* ViSearchAppDelegate.h */ = {isa = PBXFileReference; lastKnownFileType = sourcecode.c.h; path = ViSearchAppDelegate.h; sourceTree = "<group>"; };
		6003F59D195388D20070C39A /* ViSearchAppDelegate.m */ = {isa = PBXFileReference; lastKnownFileType = sourcecode.c.objc; path = ViSearchAppDelegate.m; sourceTree = "<group>"; };
		6003F5A0195388D20070C39A /* Base */ = {isa = PBXFileReference; lastKnownFileType = file.storyboard; name = Base; path = Base.lproj/Main_iPhone.storyboard; sourceTree = "<group>"; };
		6003F5A5195388D20070C39A /* ViSearchViewController.h */ = {isa = PBXFileReference; lastKnownFileType = sourcecode.c.h; path = ViSearchViewController.h; sourceTree = "<group>"; };
		6003F5A6195388D20070C39A /* ViSearchViewController.m */ = {isa = PBXFileReference; lastKnownFileType = sourcecode.c.objc; path = ViSearchViewController.m; sourceTree = "<group>"; };
		6003F5A8195388D20070C39A /* Images.xcassets */ = {isa = PBXFileReference; lastKnownFileType = folder.assetcatalog; path = Images.xcassets; sourceTree = "<group>"; };
		6003F5AE195388D20070C39A /* Tests.xctest */ = {isa = PBXFileReference; explicitFileType = wrapper.cfbundle; includeInIndex = 0; path = Tests.xctest; sourceTree = BUILT_PRODUCTS_DIR; };
		6003F5AF195388D20070C39A /* XCTest.framework */ = {isa = PBXFileReference; lastKnownFileType = wrapper.framework; name = XCTest.framework; path = Library/Frameworks/XCTest.framework; sourceTree = DEVELOPER_DIR; };
		6003F5B7195388D20070C39A /* Tests-Info.plist */ = {isa = PBXFileReference; lastKnownFileType = text.plist.xml; path = "Tests-Info.plist"; sourceTree = "<group>"; };
		6003F5B9195388D20070C39A /* en */ = {isa = PBXFileReference; lastKnownFileType = text.plist.strings; name = en; path = en.lproj/InfoPlist.strings; sourceTree = "<group>"; };
		6003F5BB195388D20070C39A /* Tests.m */ = {isa = PBXFileReference; lastKnownFileType = sourcecode.c.objc; path = Tests.m; sourceTree = "<group>"; };
		606FC2411953D9B200FFA9A0 /* Tests-Prefix.pch */ = {isa = PBXFileReference; lastKnownFileType = sourcecode.c.h; path = "Tests-Prefix.pch"; sourceTree = "<group>"; };
		6D5C7C0A1A5E65F70088F642 /* NSString+HMAC_SHA1.h */ = {isa = PBXFileReference; fileEncoding = 4; lastKnownFileType = sourcecode.c.h; path = "NSString+HMAC_SHA1.h"; sourceTree = "<group>"; };
		6D5C7C0B1A5E65F70088F642 /* NSString+HMAC_SHA1.m */ = {isa = PBXFileReference; fileEncoding = 4; lastKnownFileType = sourcecode.c.objc; path = "NSString+HMAC_SHA1.m"; sourceTree = "<group>"; };
		6D5C7C0C1A5E65F70088F642 /* ViSearchAPI.h */ = {isa = PBXFileReference; fileEncoding = 4; lastKnownFileType = sourcecode.c.h; path = ViSearchAPI.h; sourceTree = "<group>"; };
		6D5C7C0D1A5E65F70088F642 /* ViSearchAPI.m */ = {isa = PBXFileReference; fileEncoding = 4; lastKnownFileType = sourcecode.c.objc; path = ViSearchAPI.m; sourceTree = "<group>"; };
		6D5C7C0F1A5E65F70088F642 /* BaseSearchParams.h */ = {isa = PBXFileReference; fileEncoding = 4; lastKnownFileType = sourcecode.c.h; path = BaseSearchParams.h; sourceTree = "<group>"; };
		6D5C7C101A5E65F70088F642 /* BaseSearchParams.m */ = {isa = PBXFileReference; fileEncoding = 4; lastKnownFileType = sourcecode.c.objc; path = BaseSearchParams.m; sourceTree = "<group>"; };
		6D5C7C111A5E65F70088F642 /* Box.h */ = {isa = PBXFileReference; fileEncoding = 4; lastKnownFileType = sourcecode.c.h; path = Box.h; sourceTree = "<group>"; };
		6D5C7C121A5E65F70088F642 /* Box.m */ = {isa = PBXFileReference; fileEncoding = 4; lastKnownFileType = sourcecode.c.objc; path = Box.m; sourceTree = "<group>"; };
		6D5C7C131A5E65F70088F642 /* ColorSearchParams.h */ = {isa = PBXFileReference; fileEncoding = 4; lastKnownFileType = sourcecode.c.h; path = ColorSearchParams.h; sourceTree = "<group>"; };
		6D5C7C141A5E65F70088F642 /* ColorSearchParams.m */ = {isa = PBXFileReference; fileEncoding = 4; lastKnownFileType = sourcecode.c.objc; path = ColorSearchParams.m; sourceTree = "<group>"; };
		6D5C7C171A5E65F70088F642 /* SearchParams.h */ = {isa = PBXFileReference; fileEncoding = 4; lastKnownFileType = sourcecode.c.h; path = SearchParams.h; sourceTree = "<group>"; };
		6D5C7C181A5E65F70088F642 /* SearchParams.m */ = {isa = PBXFileReference; fileEncoding = 4; lastKnownFileType = sourcecode.c.objc; path = SearchParams.m; sourceTree = "<group>"; };
		6D5C7C191A5E65F70088F642 /* UploadSearchParams.h */ = {isa = PBXFileReference; fileEncoding = 4; lastKnownFileType = sourcecode.c.h; path = UploadSearchParams.h; sourceTree = "<group>"; };
		6D5C7C1A1A5E65F70088F642 /* UploadSearchParams.m */ = {isa = PBXFileReference; fileEncoding = 4; lastKnownFileType = sourcecode.c.objc; path = UploadSearchParams.m; sourceTree = "<group>"; };
		6D5C7C1E1A5E65F70088F642 /* ViSearchError.h */ = {isa = PBXFileReference; fileEncoding = 4; lastKnownFileType = sourcecode.c.h; path = ViSearchError.h; sourceTree = "<group>"; };
		6D5C7C1F1A5E65F70088F642 /* ViSearchError.m */ = {isa = PBXFileReference; fileEncoding = 4; lastKnownFileType = sourcecode.c.objc; path = ViSearchError.m; sourceTree = "<group>"; };
		6D5C7C201A5E65F70088F642 /* ViSearchResult.h */ = {isa = PBXFileReference; fileEncoding = 4; lastKnownFileType = sourcecode.c.h; path = ViSearchResult.h; sourceTree = "<group>"; };
		6D5C7C211A5E65F70088F642 /* ViSearchResult.m */ = {isa = PBXFileReference; fileEncoding = 4; lastKnownFileType = sourcecode.c.objc; path = ViSearchResult.m; sourceTree = "<group>"; };
		9F096AB773CF30920C2B30F4 /* libPods-ViSearch.a */ = {isa = PBXFileReference; explicitFileType = archive.ar; includeInIndex = 0; path = "libPods-ViSearch.a"; sourceTree = BUILT_PRODUCTS_DIR; };
		A90A7D161AAEBDF200D2DD65 /* ViSearchHandler.h */ = {isa = PBXFileReference; fileEncoding = 4; lastKnownFileType = sourcecode.c.h; path = ViSearchHandler.h; sourceTree = "<group>"; };
		A90A7D171AAEBDF200D2DD65 /* ViSearchHandler.m */ = {isa = PBXFileReference; fileEncoding = 4; lastKnownFileType = sourcecode.c.objc; path = ViSearchHandler.m; sourceTree = "<group>"; };
		A90A7D1A1AAEC00100D2DD65 /* ViSearchBasicHandler.h */ = {isa = PBXFileReference; fileEncoding = 4; lastKnownFileType = sourcecode.c.h; path = ViSearchBasicHandler.h; sourceTree = "<group>"; };
		A90A7D1B1AAEC00100D2DD65 /* ViSearchBasicHandler.m */ = {isa = PBXFileReference; fileEncoding = 4; lastKnownFileType = sourcecode.c.objc; path = ViSearchBasicHandler.m; sourceTree = "<group>"; };
		A90A7D1D1AAEC02000D2DD65 /* ViSearchImageUploadHandler.h */ = {isa = PBXFileReference; fileEncoding = 4; lastKnownFileType = sourcecode.c.h; path = ViSearchImageUploadHandler.h; sourceTree = "<group>"; };
		A90A7D1E1AAEC02000D2DD65 /* ViSearchImageUploadHandler.m */ = {isa = PBXFileReference; fileEncoding = 4; lastKnownFileType = sourcecode.c.objc; path = ViSearchImageUploadHandler.m; sourceTree = "<group>"; };
		A97FA2481AB6DDEE00C78633 /* ImageSettings.h */ = {isa = PBXFileReference; fileEncoding = 4; lastKnownFileType = sourcecode.c.h; path = ImageSettings.h; sourceTree = "<group>"; };
		A97FA2491AB6DDEE00C78633 /* ImageSettings.m */ = {isa = PBXFileReference; fileEncoding = 4; lastKnownFileType = sourcecode.c.objc; path = ImageSettings.m; sourceTree = "<group>"; };
		A97FA24B1AB6DDFE00C78633 /* ImageResult.h */ = {isa = PBXFileReference; fileEncoding = 4; lastKnownFileType = sourcecode.c.h; path = ImageResult.h; sourceTree = "<group>"; };
		A97FA24C1AB6DDFE00C78633 /* ImageResult.m */ = {isa = PBXFileReference; fileEncoding = 4; lastKnownFileType = sourcecode.c.objc; path = ImageResult.m; sourceTree = "<group>"; };
		A98E48741CE438070028146F /* TrackParams.h */ = {isa = PBXFileReference; lastKnownFileType = sourcecode.c.h; path = TrackParams.h; sourceTree = "<group>"; };
		A98E48751CE439680028146F /* TrackParams.m */ = {isa = PBXFileReference; fileEncoding = 4; lastKnownFileType = sourcecode.c.objc; path = TrackParams.m; sourceTree = "<group>"; };
		A9FA04821CE4909600924F92 /* ViTrackHandler.h */ = {isa = PBXFileReference; lastKnownFileType = sourcecode.c.h; path = ViTrackHandler.h; sourceTree = "<group>"; };
		A9FA04831CE490DB00924F92 /* ViTrackHandler.m */ = {isa = PBXFileReference; fileEncoding = 4; lastKnownFileType = sourcecode.c.objc; path = ViTrackHandler.m; sourceTree = "<group>"; };
		A9FA04851CE5B5A200924F92 /* ViSearchClient.h */ = {isa = PBXFileReference; fileEncoding = 4; lastKnownFileType = sourcecode.c.h; path = ViSearchClient.h; sourceTree = "<group>"; };
		A9FA04861CE5B5A200924F92 /* ViSearchClient.m */ = {isa = PBXFileReference; fileEncoding = 4; lastKnownFileType = sourcecode.c.objc; path = ViSearchClient.m; sourceTree = "<group>"; };
		ABCD188998CA4915B4FF851F /* Pods-Tests.release.xcconfig */ = {isa = PBXFileReference; includeInIndex = 1; lastKnownFileType = text.xcconfig; name = "Pods-Tests.release.xcconfig"; path = "Pods/Target Support Files/Pods-Tests/Pods-Tests.release.xcconfig"; sourceTree = "<group>"; };
		CDF5EB6A84E898BF8C1FF540 /* LICENSE */ = {isa = PBXFileReference; includeInIndex = 1; lastKnownFileType = text; name = LICENSE; path = ../LICENSE; sourceTree = "<group>"; };
		D570927AAF7E79322025CD79 /* ViSearch.podspec */ = {isa = PBXFileReference; includeInIndex = 1; lastKnownFileType = text; name = ViSearch.podspec; path = ../ViSearch.podspec; sourceTree = "<group>"; };
		D9A011956FD6A0A8995EF708 /* Pods-ViSearch.debug.xcconfig */ = {isa = PBXFileReference; includeInIndex = 1; lastKnownFileType = text.xcconfig; name = "Pods-ViSearch.debug.xcconfig"; path = "Pods/Target Support Files/Pods-ViSearch/Pods-ViSearch.debug.xcconfig"; sourceTree = "<group>"; };
		E62AA2800F3F2C1777A9EF3F /* libPods-Tests.a */ = {isa = PBXFileReference; explicitFileType = archive.ar; includeInIndex = 0; path = "libPods-Tests.a"; sourceTree = BUILT_PRODUCTS_DIR; };
		EF513A65C0C2574CD943C493 /* README.md */ = {isa = PBXFileReference; includeInIndex = 1; lastKnownFileType = net.daringfireball.markdown; name = README.md; path = ../README.md; sourceTree = "<group>"; };
/* End PBXFileReference section */

/* Begin PBXFrameworksBuildPhase section */
		6003F587195388D20070C39A /* Frameworks */ = {
			isa = PBXFrameworksBuildPhase;
			buildActionMask = 2147483647;
			files = (
				6003F590195388D20070C39A /* CoreGraphics.framework in Frameworks */,
				6003F592195388D20070C39A /* UIKit.framework in Frameworks */,
				6003F58E195388D20070C39A /* Foundation.framework in Frameworks */,
				E859A44C39AEC79551F6A0F8 /* libPods-ViSearch.a in Frameworks */,
			);
			runOnlyForDeploymentPostprocessing = 0;
		};
		6003F5AB195388D20070C39A /* Frameworks */ = {
			isa = PBXFrameworksBuildPhase;
			buildActionMask = 2147483647;
			files = (
				6003F5B0195388D20070C39A /* XCTest.framework in Frameworks */,
				6003F5B2195388D20070C39A /* UIKit.framework in Frameworks */,
				6003F5B1195388D20070C39A /* Foundation.framework in Frameworks */,
				B31C5696F17BA8D686811EEB /* libPods-Tests.a in Frameworks */,
			);
			runOnlyForDeploymentPostprocessing = 0;
		};
/* End PBXFrameworksBuildPhase section */

/* Begin PBXGroup section */
		5D6C1F23C2DF4374125F1A04 /* Pods */ = {
			isa = PBXGroup;
			children = (
				30C3835A2DD37C1140C80D56 /* Pods-Tests.debug.xcconfig */,
				ABCD188998CA4915B4FF851F /* Pods-Tests.release.xcconfig */,
				D9A011956FD6A0A8995EF708 /* Pods-ViSearch.debug.xcconfig */,
				1CC08F4030C278330D558073 /* Pods-ViSearch.release.xcconfig */,
			);
			name = Pods;
			sourceTree = "<group>";
		};
		6003F581195388D10070C39A = {
			isa = PBXGroup;
			children = (
				60FF7A9C1954A5C5007DD14C /* Podspec Metadata */,
				6003F593195388D20070C39A /* ViSearch */,
				6003F5B5195388D20070C39A /* Tests */,
				6003F58C195388D20070C39A /* Frameworks */,
				6003F58B195388D20070C39A /* Products */,
				5D6C1F23C2DF4374125F1A04 /* Pods */,
			);
			sourceTree = "<group>";
		};
		6003F58B195388D20070C39A /* Products */ = {
			isa = PBXGroup;
			children = (
				6003F58A195388D20070C39A /* ViSearch.app */,
				6003F5AE195388D20070C39A /* Tests.xctest */,
			);
			name = Products;
			sourceTree = "<group>";
		};
		6003F58C195388D20070C39A /* Frameworks */ = {
			isa = PBXGroup;
			children = (
				6003F58D195388D20070C39A /* Foundation.framework */,
				6003F58F195388D20070C39A /* CoreGraphics.framework */,
				6003F591195388D20070C39A /* UIKit.framework */,
				6003F5AF195388D20070C39A /* XCTest.framework */,
				E62AA2800F3F2C1777A9EF3F /* libPods-Tests.a */,
				9F096AB773CF30920C2B30F4 /* libPods-ViSearch.a */,
			);
			name = Frameworks;
			sourceTree = "<group>";
		};
		6003F593195388D20070C39A /* ViSearch */ = {
			isa = PBXGroup;
			children = (
				6D5C7C081A5E65F70088F642 /* ViSearchSDK */,
				6003F59C195388D20070C39A /* ViSearchAppDelegate.h */,
				6003F59D195388D20070C39A /* ViSearchAppDelegate.m */,
				6003F59F195388D20070C39A /* Main_iPhone.storyboard */,
				6003F5A5195388D20070C39A /* ViSearchViewController.h */,
				6003F5A6195388D20070C39A /* ViSearchViewController.m */,
				6003F5A8195388D20070C39A /* Images.xcassets */,
				6003F594195388D20070C39A /* Supporting Files */,
			);
			path = ViSearch;
			sourceTree = "<group>";
		};
		6003F594195388D20070C39A /* Supporting Files */ = {
			isa = PBXGroup;
			children = (
				6003F595195388D20070C39A /* ViSearch-Info.plist */,
				6003F596195388D20070C39A /* InfoPlist.strings */,
				6003F599195388D20070C39A /* main.m */,
				6003F59B195388D20070C39A /* ViSearch-Prefix.pch */,
			);
			name = "Supporting Files";
			sourceTree = "<group>";
		};
		6003F5B5195388D20070C39A /* Tests */ = {
			isa = PBXGroup;
			children = (
				6003F5BB195388D20070C39A /* Tests.m */,
				6003F5B6195388D20070C39A /* Supporting Files */,
			);
			path = Tests;
			sourceTree = "<group>";
		};
		6003F5B6195388D20070C39A /* Supporting Files */ = {
			isa = PBXGroup;
			children = (
				6003F5B7195388D20070C39A /* Tests-Info.plist */,
				6003F5B8195388D20070C39A /* InfoPlist.strings */,
				606FC2411953D9B200FFA9A0 /* Tests-Prefix.pch */,
			);
			name = "Supporting Files";
			sourceTree = "<group>";
		};
		60FF7A9C1954A5C5007DD14C /* Podspec Metadata */ = {
			isa = PBXGroup;
			children = (
				D570927AAF7E79322025CD79 /* ViSearch.podspec */,
				EF513A65C0C2574CD943C493 /* README.md */,
				CDF5EB6A84E898BF8C1FF540 /* LICENSE */,
			);
			name = "Podspec Metadata";
			sourceTree = "<group>";
		};
		6D5C7C081A5E65F70088F642 /* ViSearchSDK */ = {
			isa = PBXGroup;
			children = (
				6D5C7C091A5E65F70088F642 /* HMAC_SHA1 */,
				6D5C7C0C1A5E65F70088F642 /* ViSearchAPI.h */,
				6D5C7C0D1A5E65F70088F642 /* ViSearchAPI.m */,
				6D5C7C0E1A5E65F70088F642 /* ViSearchAPISource */,
			);
			name = ViSearchSDK;
			path = ../../ViSearchSDK;
			sourceTree = "<group>";
		};
		6D5C7C091A5E65F70088F642 /* HMAC_SHA1 */ = {
			isa = PBXGroup;
			children = (
				6D5C7C0A1A5E65F70088F642 /* NSString+HMAC_SHA1.h */,
				6D5C7C0B1A5E65F70088F642 /* NSString+HMAC_SHA1.m */,
			);
			path = HMAC_SHA1;
			sourceTree = "<group>";
		};
		6D5C7C0E1A5E65F70088F642 /* ViSearchAPISource */ = {
			isa = PBXGroup;
			children = (
				6D5C7C1D1A5E65F70088F642 /* ViSearchResult */,
				A90A7D151AAEBDC200D2DD65 /* SearchHandler */,
				A90A7CFC1AAEB3F500D2DD65 /* ViSearchClient */,
				A90A7D001AAEB95900D2DD65 /* Params */,
			);
			path = ViSearchAPISource;
			sourceTree = "<group>";
		};
		6D5C7C1D1A5E65F70088F642 /* ViSearchResult */ = {
			isa = PBXGroup;
			children = (
				A97FA24B1AB6DDFE00C78633 /* ImageResult.h */,
				A97FA24C1AB6DDFE00C78633 /* ImageResult.m */,
				6D5C7C1E1A5E65F70088F642 /* ViSearchError.h */,
				6D5C7C1F1A5E65F70088F642 /* ViSearchError.m */,
				6D5C7C201A5E65F70088F642 /* ViSearchResult.h */,
				6D5C7C211A5E65F70088F642 /* ViSearchResult.m */,
			);
			name = ViSearchResult;
			path = ../ViSearchResult;
			sourceTree = "<group>";
		};
		A90A7CFC1AAEB3F500D2DD65 /* ViSearchClient */ = {
			isa = PBXGroup;
			children = (
				A9FA04851CE5B5A200924F92 /* ViSearchClient.h */,
				A9FA04861CE5B5A200924F92 /* ViSearchClient.m */,
			);
			name = ViSearchClient;
			path = ../../Example/ViSearch;
			sourceTree = "<group>";
		};
		A90A7D001AAEB95900D2DD65 /* Params */ = {
			isa = PBXGroup;
			children = (
				6D5C7C0F1A5E65F70088F642 /* BaseSearchParams.h */,
				6D5C7C101A5E65F70088F642 /* BaseSearchParams.m */,
				A90A7D011AAEB96B00D2DD65 /* ConcreteParams */,
				A90A7D021AAEB9E000D2DD65 /* misc */,
			);
			name = Params;
			sourceTree = "<group>";
		};
		A90A7D011AAEB96B00D2DD65 /* ConcreteParams */ = {
			isa = PBXGroup;
			children = (
				A98E48741CE438070028146F /* TrackParams.h */,
				A98E48751CE439680028146F /* TrackParams.m */,
				6D5C7C171A5E65F70088F642 /* SearchParams.h */,
				6D5C7C181A5E65F70088F642 /* SearchParams.m */,
				6D5C7C191A5E65F70088F642 /* UploadSearchParams.h */,
				6D5C7C1A1A5E65F70088F642 /* UploadSearchParams.m */,
				6D5C7C131A5E65F70088F642 /* ColorSearchParams.h */,
				6D5C7C141A5E65F70088F642 /* ColorSearchParams.m */,
			);
			name = ConcreteParams;
			sourceTree = "<group>";
		};
		A90A7D021AAEB9E000D2DD65 /* misc */ = {
			isa = PBXGroup;
			children = (
				6D5C7C111A5E65F70088F642 /* Box.h */,
				6D5C7C121A5E65F70088F642 /* Box.m */,
				A97FA2481AB6DDEE00C78633 /* ImageSettings.h */,
				A97FA2491AB6DDEE00C78633 /* ImageSettings.m */,
			);
			name = misc;
			sourceTree = "<group>";
		};
		A90A7D151AAEBDC200D2DD65 /* SearchHandler */ = {
			isa = PBXGroup;
			children = (
				A90A7D191AAEBE5B00D2DD65 /* ConcreteHandler */,
				A90A7D161AAEBDF200D2DD65 /* ViSearchHandler.h */,
				A90A7D171AAEBDF200D2DD65 /* ViSearchHandler.m */,
			);
			name = SearchHandler;
			sourceTree = "<group>";
		};
		A90A7D191AAEBE5B00D2DD65 /* ConcreteHandler */ = {
			isa = PBXGroup;
			children = (
				A90A7D1A1AAEC00100D2DD65 /* ViSearchBasicHandler.h */,
				A90A7D1B1AAEC00100D2DD65 /* ViSearchBasicHandler.m */,
				A90A7D1D1AAEC02000D2DD65 /* ViSearchImageUploadHandler.h */,
				A90A7D1E1AAEC02000D2DD65 /* ViSearchImageUploadHandler.m */,
				A9FA04821CE4909600924F92 /* ViTrackHandler.h */,
				A9FA04831CE490DB00924F92 /* ViTrackHandler.m */,
			);
			name = ConcreteHandler;
			sourceTree = "<group>";
		};
/* End PBXGroup section */

/* Begin PBXNativeTarget section */
		6003F589195388D20070C39A /* ViSearch */ = {
			isa = PBXNativeTarget;
			buildConfigurationList = 6003F5BF195388D20070C39A /* Build configuration list for PBXNativeTarget "ViSearch" */;
			buildPhases = (
				4C72BBCB3C0E52B5E9439DAD /* Check Pods Manifest.lock */,
				6003F586195388D20070C39A /* Sources */,
				6003F587195388D20070C39A /* Frameworks */,
				6003F588195388D20070C39A /* Resources */,
				4B8C4608D30336041CB07045 /* Copy Pods Resources */,
			);
			buildRules = (
			);
			dependencies = (
			);
			name = ViSearch;
			productName = ViSearch;
			productReference = 6003F58A195388D20070C39A /* ViSearch.app */;
			productType = "com.apple.product-type.application";
		};
		6003F5AD195388D20070C39A /* Tests */ = {
			isa = PBXNativeTarget;
			buildConfigurationList = 6003F5C2195388D20070C39A /* Build configuration list for PBXNativeTarget "Tests" */;
			buildPhases = (
				21EB0F19F712F496D75F30E7 /* Check Pods Manifest.lock */,
				6003F5AA195388D20070C39A /* Sources */,
				6003F5AB195388D20070C39A /* Frameworks */,
				6003F5AC195388D20070C39A /* Resources */,
				25A105CAF8ED38EC5A09C9FE /* Copy Pods Resources */,
			);
			buildRules = (
			);
			dependencies = (
				6003F5B4195388D20070C39A /* PBXTargetDependency */,
			);
			name = Tests;
			productName = ViSearchTests;
			productReference = 6003F5AE195388D20070C39A /* Tests.xctest */;
			productType = "com.apple.product-type.bundle.unit-test";
		};
/* End PBXNativeTarget section */

/* Begin PBXProject section */
		6003F582195388D10070C39A /* Project object */ = {
			isa = PBXProject;
			attributes = {
				CLASSPREFIX = ViSearch;
				LastUpgradeCheck = 0510;
				ORGANIZATIONNAME = "Shaohuan Li";
				TargetAttributes = {
					6003F589195388D20070C39A = {
						DevelopmentTeam = Y532GX4NWP;
					};
					6003F5AD195388D20070C39A = {
						TestTargetID = 6003F589195388D20070C39A;
					};
				};
			};
			buildConfigurationList = 6003F585195388D10070C39A /* Build configuration list for PBXProject "ViSearch" */;
			compatibilityVersion = "Xcode 3.2";
			developmentRegion = English;
			hasScannedForEncodings = 0;
			knownRegions = (
				en,
				Base,
			);
			mainGroup = 6003F581195388D10070C39A;
			productRefGroup = 6003F58B195388D20070C39A /* Products */;
			projectDirPath = "";
			projectRoot = "";
			targets = (
				6003F589195388D20070C39A /* ViSearch */,
				6003F5AD195388D20070C39A /* Tests */,
			);
		};
/* End PBXProject section */

/* Begin PBXResourcesBuildPhase section */
		6003F588195388D20070C39A /* Resources */ = {
			isa = PBXResourcesBuildPhase;
			buildActionMask = 2147483647;
			files = (
				6003F5A9195388D20070C39A /* Images.xcassets in Resources */,
				6003F5A1195388D20070C39A /* Main_iPhone.storyboard in Resources */,
				6003F598195388D20070C39A /* InfoPlist.strings in Resources */,
			);
			runOnlyForDeploymentPostprocessing = 0;
		};
		6003F5AC195388D20070C39A /* Resources */ = {
			isa = PBXResourcesBuildPhase;
			buildActionMask = 2147483647;
			files = (
				6003F5BA195388D20070C39A /* InfoPlist.strings in Resources */,
			);
			runOnlyForDeploymentPostprocessing = 0;
		};
/* End PBXResourcesBuildPhase section */

/* Begin PBXShellScriptBuildPhase section */
		21EB0F19F712F496D75F30E7 /* Check Pods Manifest.lock */ = {
			isa = PBXShellScriptBuildPhase;
			buildActionMask = 2147483647;
			files = (
			);
			inputPaths = (
			);
			name = "Check Pods Manifest.lock";
			outputPaths = (
			);
			runOnlyForDeploymentPostprocessing = 0;
			shellPath = /bin/sh;
			shellScript = "diff \"${PODS_ROOT}/../Podfile.lock\" \"${PODS_ROOT}/Manifest.lock\" > /dev/null\nif [[ $? != 0 ]] ; then\n    cat << EOM\nerror: The sandbox is not in sync with the Podfile.lock. Run 'pod install' or update your CocoaPods installation.\nEOM\n    exit 1\nfi\n";
			showEnvVarsInLog = 0;
		};
		25A105CAF8ED38EC5A09C9FE /* Copy Pods Resources */ = {
			isa = PBXShellScriptBuildPhase;
			buildActionMask = 2147483647;
			files = (
			);
			inputPaths = (
			);
			name = "Copy Pods Resources";
			outputPaths = (
			);
			runOnlyForDeploymentPostprocessing = 0;
			shellPath = /bin/sh;
			shellScript = "\"${SRCROOT}/Pods/Target Support Files/Pods-Tests/Pods-Tests-resources.sh\"\n";
			showEnvVarsInLog = 0;
		};
		4B8C4608D30336041CB07045 /* Copy Pods Resources */ = {
			isa = PBXShellScriptBuildPhase;
			buildActionMask = 2147483647;
			files = (
			);
			inputPaths = (
			);
			name = "Copy Pods Resources";
			outputPaths = (
			);
			runOnlyForDeploymentPostprocessing = 0;
			shellPath = /bin/sh;
			shellScript = "\"${SRCROOT}/Pods/Target Support Files/Pods-ViSearch/Pods-ViSearch-resources.sh\"\n";
			showEnvVarsInLog = 0;
		};
		4C72BBCB3C0E52B5E9439DAD /* Check Pods Manifest.lock */ = {
			isa = PBXShellScriptBuildPhase;
			buildActionMask = 2147483647;
			files = (
			);
			inputPaths = (
			);
			name = "Check Pods Manifest.lock";
			outputPaths = (
			);
			runOnlyForDeploymentPostprocessing = 0;
			shellPath = /bin/sh;
			shellScript = "diff \"${PODS_ROOT}/../Podfile.lock\" \"${PODS_ROOT}/Manifest.lock\" > /dev/null\nif [[ $? != 0 ]] ; then\n    cat << EOM\nerror: The sandbox is not in sync with the Podfile.lock. Run 'pod install' or update your CocoaPods installation.\nEOM\n    exit 1\nfi\n";
			showEnvVarsInLog = 0;
		};
/* End PBXShellScriptBuildPhase section */

/* Begin PBXSourcesBuildPhase section */
		6003F586195388D20070C39A /* Sources */ = {
			isa = PBXSourcesBuildPhase;
			buildActionMask = 2147483647;
			files = (
				6D5C7C241A5E65F70088F642 /* ViSearchAPI.m in Sources */,
				A90A7D1F1AAEC02000D2DD65 /* ViSearchImageUploadHandler.m in Sources */,
				A98E48761CE439680028146F /* TrackParams.m in Sources */,
				6003F59E195388D20070C39A /* ViSearchAppDelegate.m in Sources */,
				6D5C7C281A5E65F70088F642 /* Box.m in Sources */,
				6D5C7C261A5E65F70088F642 /* BaseSearchParams.m in Sources */,
				6003F5A7195388D20070C39A /* ViSearchViewController.m in Sources */,
				A97FA24D1AB6DDFE00C78633 /* ImageResult.m in Sources */,
				6003F59A195388D20070C39A /* main.m in Sources */,
				6D5C7C341A5E65F70088F642 /* ViSearchError.m in Sources */,
				6D5C7C221A5E65F70088F642 /* NSString+HMAC_SHA1.m in Sources */,
				A97FA24A1AB6DDEE00C78633 /* ImageSettings.m in Sources */,
				6D5C7C2E1A5E65F70088F642 /* SearchParams.m in Sources */,
				6D5C7C2A1A5E65F70088F642 /* ColorSearchParams.m in Sources */,
				A90A7D1C1AAEC00100D2DD65 /* ViSearchBasicHandler.m in Sources */,
				A9FA04871CE5B5A200924F92 /* ViSearchClient.m in Sources */,
				6D5C7C361A5E65F70088F642 /* ViSearchResult.m in Sources */,
				6D5C7C301A5E65F70088F642 /* UploadSearchParams.m in Sources */,
				A9FA04841CE490DB00924F92 /* ViTrackHandler.m in Sources */,
				A90A7D181AAEBDF200D2DD65 /* ViSearchHandler.m in Sources */,
			);
			runOnlyForDeploymentPostprocessing = 0;
		};
		6003F5AA195388D20070C39A /* Sources */ = {
			isa = PBXSourcesBuildPhase;
			buildActionMask = 2147483647;
			files = (
				6D5C7C351A5E65F70088F642 /* ViSearchError.m in Sources */,
				6D5C7C291A5E65F70088F642 /* Box.m in Sources */,
				6D5C7C2B1A5E65F70088F642 /* ColorSearchParams.m in Sources */,
				6D5C7C311A5E65F70088F642 /* UploadSearchParams.m in Sources */,
				6D5C7C2F1A5E65F70088F642 /* SearchParams.m in Sources */,
				6D5C7C251A5E65F70088F642 /* ViSearchAPI.m in Sources */,
				6003F5BC195388D20070C39A /* Tests.m in Sources */,
				6D5C7C271A5E65F70088F642 /* BaseSearchParams.m in Sources */,
				6D5C7C231A5E65F70088F642 /* NSString+HMAC_SHA1.m in Sources */,
				6D5C7C371A5E65F70088F642 /* ViSearchResult.m in Sources */,
			);
			runOnlyForDeploymentPostprocessing = 0;
		};
/* End PBXSourcesBuildPhase section */

/* Begin PBXTargetDependency section */
		6003F5B4195388D20070C39A /* PBXTargetDependency */ = {
			isa = PBXTargetDependency;
			target = 6003F589195388D20070C39A /* ViSearch */;
			targetProxy = 6003F5B3195388D20070C39A /* PBXContainerItemProxy */;
		};
/* End PBXTargetDependency section */

/* Begin PBXVariantGroup section */
		6003F596195388D20070C39A /* InfoPlist.strings */ = {
			isa = PBXVariantGroup;
			children = (
				6003F597195388D20070C39A /* en */,
			);
			name = InfoPlist.strings;
			sourceTree = "<group>";
		};
		6003F59F195388D20070C39A /* Main_iPhone.storyboard */ = {
			isa = PBXVariantGroup;
			children = (
				6003F5A0195388D20070C39A /* Base */,
			);
			name = Main_iPhone.storyboard;
			sourceTree = "<group>";
		};
		6003F5B8195388D20070C39A /* InfoPlist.strings */ = {
			isa = PBXVariantGroup;
			children = (
				6003F5B9195388D20070C39A /* en */,
			);
			name = InfoPlist.strings;
			sourceTree = "<group>";
		};
/* End PBXVariantGroup section */

/* Begin XCBuildConfiguration section */
		6003F5BD195388D20070C39A /* Debug */ = {
			isa = XCBuildConfiguration;
			baseConfigurationReference = D9A011956FD6A0A8995EF708 /* Pods-ViSearch.debug.xcconfig */;
			buildSettings = {
				ALWAYS_SEARCH_USER_PATHS = NO;
				CLANG_CXX_LANGUAGE_STANDARD = "gnu++0x";
				CLANG_CXX_LIBRARY = "libc++";
				CLANG_ENABLE_MODULES = YES;
				CLANG_ENABLE_OBJC_ARC = YES;
				CLANG_WARN_BOOL_CONVERSION = YES;
				CLANG_WARN_CONSTANT_CONVERSION = YES;
				CLANG_WARN_DIRECT_OBJC_ISA_USAGE = YES_ERROR;
				CLANG_WARN_EMPTY_BODY = YES;
				CLANG_WARN_ENUM_CONVERSION = YES;
				CLANG_WARN_INT_CONVERSION = YES;
				CLANG_WARN_OBJC_ROOT_CLASS = YES_ERROR;
				CLANG_WARN__DUPLICATE_METHOD_MATCH = YES;
				"CODE_SIGN_IDENTITY[sdk=iphoneos*]" = "iPhone Developer";
				COPY_PHASE_STRIP = NO;
				GCC_C_LANGUAGE_STANDARD = gnu99;
				GCC_DYNAMIC_NO_PIC = NO;
				GCC_OPTIMIZATION_LEVEL = 0;
				GCC_PREPROCESSOR_DEFINITIONS = (
					"DEBUG=1",
					"$(inherited)",
				);
				GCC_SYMBOLS_PRIVATE_EXTERN = NO;
				GCC_WARN_64_TO_32_BIT_CONVERSION = YES;
				GCC_WARN_ABOUT_RETURN_TYPE = YES_ERROR;
				GCC_WARN_UNDECLARED_SELECTOR = YES;
				GCC_WARN_UNINITIALIZED_AUTOS = YES_AGGRESSIVE;
				GCC_WARN_UNUSED_FUNCTION = YES;
				GCC_WARN_UNUSED_VARIABLE = YES;
				IPHONEOS_DEPLOYMENT_TARGET = 7.1;
				ONLY_ACTIVE_ARCH = YES;
				SDKROOT = iphoneos;
				TARGETED_DEVICE_FAMILY = "1,2";
				VALIDATE_PRODUCT = YES;
			};
			name = Debug;
		};
		6003F5BE195388D20070C39A /* Release */ = {
			isa = XCBuildConfiguration;
			baseConfigurationReference = 1CC08F4030C278330D558073 /* Pods-ViSearch.release.xcconfig */;
			buildSettings = {
				ALWAYS_SEARCH_USER_PATHS = NO;
				CLANG_CXX_LANGUAGE_STANDARD = "gnu++0x";
				CLANG_CXX_LIBRARY = "libc++";
				CLANG_ENABLE_MODULES = YES;
				CLANG_ENABLE_OBJC_ARC = YES;
				CLANG_WARN_BOOL_CONVERSION = YES;
				CLANG_WARN_CONSTANT_CONVERSION = YES;
				CLANG_WARN_DIRECT_OBJC_ISA_USAGE = YES_ERROR;
				CLANG_WARN_EMPTY_BODY = YES;
				CLANG_WARN_ENUM_CONVERSION = YES;
				CLANG_WARN_INT_CONVERSION = YES;
				CLANG_WARN_OBJC_ROOT_CLASS = YES_ERROR;
				CLANG_WARN__DUPLICATE_METHOD_MATCH = YES;
				"CODE_SIGN_IDENTITY[sdk=iphoneos*]" = "iPhone Developer";
				COPY_PHASE_STRIP = YES;
				ENABLE_NS_ASSERTIONS = NO;
				GCC_C_LANGUAGE_STANDARD = gnu99;
				GCC_WARN_64_TO_32_BIT_CONVERSION = YES;
				GCC_WARN_ABOUT_RETURN_TYPE = YES_ERROR;
				GCC_WARN_UNDECLARED_SELECTOR = YES;
				GCC_WARN_UNINITIALIZED_AUTOS = YES_AGGRESSIVE;
				GCC_WARN_UNUSED_FUNCTION = YES;
				GCC_WARN_UNUSED_VARIABLE = YES;
				IPHONEOS_DEPLOYMENT_TARGET = 7.1;
				SDKROOT = iphoneos;
				TARGETED_DEVICE_FAMILY = "1,2";
				VALIDATE_PRODUCT = YES;
			};
			name = Release;
		};
		6003F5C0195388D20070C39A /* Debug */ = {
			isa = XCBuildConfiguration;
			baseConfigurationReference = D9A011956FD6A0A8995EF708 /* Pods-ViSearch.debug.xcconfig */;
			buildSettings = {
				ASSETCATALOG_COMPILER_APPICON_NAME = AppIcon;
				ASSETCATALOG_COMPILER_LAUNCHIMAGE_NAME = LaunchImage;
				CODE_SIGN_IDENTITY = "iPhone Developer";
				"CODE_SIGN_IDENTITY[sdk=iphoneos*]" = "iPhone Developer";
				GCC_PRECOMPILE_PREFIX_HEADER = YES;
				GCC_PREFIX_HEADER = "ViSearch/ViSearch-Prefix.pch";
				INFOPLIST_FILE = "ViSearch/ViSearch-Info.plist";
				IPHONEOS_DEPLOYMENT_TARGET = 7.0;
				PRODUCT_NAME = "$(TARGET_NAME)";
				PROVISIONING_PROFILE = "";
				TARGETED_DEVICE_FAMILY = 1;
				WRAPPER_EXTENSION = app;
			};
			name = Debug;
		};
		6003F5C1195388D20070C39A /* Release */ = {
			isa = XCBuildConfiguration;
			baseConfigurationReference = 1CC08F4030C278330D558073 /* Pods-ViSearch.release.xcconfig */;
			buildSettings = {
				ASSETCATALOG_COMPILER_APPICON_NAME = AppIcon;
				ASSETCATALOG_COMPILER_LAUNCHIMAGE_NAME = LaunchImage;
				CODE_SIGN_IDENTITY = "iPhone Developer";
				"CODE_SIGN_IDENTITY[sdk=iphoneos*]" = "iPhone Developer";
				GCC_PRECOMPILE_PREFIX_HEADER = YES;
				GCC_PREFIX_HEADER = "ViSearch/ViSearch-Prefix.pch";
				INFOPLIST_FILE = "ViSearch/ViSearch-Info.plist";
				IPHONEOS_DEPLOYMENT_TARGET = 7.0;
				PRODUCT_NAME = "$(TARGET_NAME)";
				PROVISIONING_PROFILE = "";
				TARGETED_DEVICE_FAMILY = 1;
				WRAPPER_EXTENSION = app;
			};
			name = Release;
		};
		6003F5C3195388D20070C39A /* Debug */ = {
			isa = XCBuildConfiguration;
			baseConfigurationReference = 30C3835A2DD37C1140C80D56 /* Pods-Tests.debug.xcconfig */;
			buildSettings = {
				BUNDLE_LOADER = "$(BUILT_PRODUCTS_DIR)/ViSearch.app/ViSearch";
				FRAMEWORK_SEARCH_PATHS = (
					"$(SDKROOT)/Developer/Library/Frameworks",
					"$(inherited)",
					"$(DEVELOPER_FRAMEWORKS_DIR)",
				);
				GCC_PRECOMPILE_PREFIX_HEADER = YES;
				GCC_PREFIX_HEADER = "Tests/Tests-Prefix.pch";
				GCC_PREPROCESSOR_DEFINITIONS = (
					"DEBUG=1",
					"$(inherited)",
				);
				INFOPLIST_FILE = "Tests/Tests-Info.plist";
				PRODUCT_NAME = "$(TARGET_NAME)";
				TEST_HOST = "$(BUNDLE_LOADER)";
				WRAPPER_EXTENSION = xctest;
			};
			name = Debug;
		};
		6003F5C4195388D20070C39A /* Release */ = {
			isa = XCBuildConfiguration;
			baseConfigurationReference = ABCD188998CA4915B4FF851F /* Pods-Tests.release.xcconfig */;
			buildSettings = {
				BUNDLE_LOADER = "$(BUILT_PRODUCTS_DIR)/ViSearch.app/ViSearch";
				FRAMEWORK_SEARCH_PATHS = (
					"$(SDKROOT)/Developer/Library/Frameworks",
					"$(inherited)",
					"$(DEVELOPER_FRAMEWORKS_DIR)",
				);
				GCC_PRECOMPILE_PREFIX_HEADER = YES;
				GCC_PREFIX_HEADER = "Tests/Tests-Prefix.pch";
				INFOPLIST_FILE = "Tests/Tests-Info.plist";
				PRODUCT_NAME = "$(TARGET_NAME)";
				TEST_HOST = "$(BUNDLE_LOADER)";
				WRAPPER_EXTENSION = xctest;
			};
			name = Release;
		};
/* End XCBuildConfiguration section */

/* Begin XCConfigurationList section */
		6003F585195388D10070C39A /* Build configuration list for PBXProject "ViSearch" */ = {
			isa = XCConfigurationList;
			buildConfigurations = (
				6003F5BD195388D20070C39A /* Debug */,
				6003F5BE195388D20070C39A /* Release */,
			);
			defaultConfigurationIsVisible = 0;
			defaultConfigurationName = Release;
		};
		6003F5BF195388D20070C39A /* Build configuration list for PBXNativeTarget "ViSearch" */ = {
			isa = XCConfigurationList;
			buildConfigurations = (
				6003F5C0195388D20070C39A /* Debug */,
				6003F5C1195388D20070C39A /* Release */,
			);
			defaultConfigurationIsVisible = 0;
			defaultConfigurationName = Release;
		};
		6003F5C2195388D20070C39A /* Build configuration list for PBXNativeTarget "Tests" */ = {
			isa = XCConfigurationList;
			buildConfigurations = (
				6003F5C3195388D20070C39A /* Debug */,
				6003F5C4195388D20070C39A /* Release */,
			);
			defaultConfigurationIsVisible = 0;
			defaultConfigurationName = Release;
		};
/* End XCConfigurationList section */
	};
	rootObject = 6003F582195388D10070C39A /* Project object */;
}
